
Microsoft Visual Studio Solution File, Format Version 12.00
# Visual Studio Version 16
VisualStudioVersion = 25.0.1704.4
MinimumVisualStudioVersion = 10.0.40219.1
Project("{FAE04EC0-301F-11D3-BF4B-00C04F79EFBC}") = "CS_190_ASPCore", "CS_190_ASPCore\CS_190_ASPCore.csproj", "{FB28E853-D52B-468A-AF03-9680A9E9A3FB}"
EndProject
Global
	GlobalSection(SolutionConfigurationPlatforms) = preSolution
		Debug|Any CPU = Debug|Any CPU
		Release|Any CPU = Release|Any CPU
	EndGlobalSection
	GlobalSection(ProjectConfigurationPlatforms) = postSolution
		{FB28E853-D52B-468A-AF03-9680A9E9A3FB}.Debug|Any CPU.ActiveCfg = Debug|Any CPU
		{FB28E853-D52B-468A-AF03-9680A9E9A3FB}.Debug|Any CPU.Build.0 = Debug|Any CPU
		{FB28E853-D52B-468A-AF03-9680A9E9A3FB}.Release|Any CPU.ActiveCfg = Release|Any CPU
		{FB28E853-D52B-468A-AF03-9680A9E9A3FB}.Release|Any CPU.Build.0 = Release|Any CPU
	EndGlobalSection
	GlobalSection(SolutionProperties) = preSolution
		HideSolutionNode = FALSE
	EndGlobalSection
	GlobalSection(ExtensibilityGlobals) = postSolution
		SolutionGuid = {51BCA0AE-F06F-436E-A978-BB2E196303E5}
	EndGlobalSection
EndGlobal
